
Microsoft Visual Studio Solution File, Format Version 12.00
# Visual Studio 15
VisualStudioVersion = 15.0.27428.2002
MinimumVisualStudioVersion = 10.0.40219.1
Project("{FAE04EC0-301F-11D3-BF4B-00C04F79EFBC}") = "SkillWars", "SkillWars\SkillWars.csproj", "{D05C9855-FCB0-4F17-8A14-F927D34F9DC5}"
EndProject
Global
	GlobalSection(SolutionConfigurationPlatforms) = preSolution
		Debug|Any CPU = Debug|Any CPU
		Release|Any CPU = Release|Any CPU
	EndGlobalSection
	GlobalSection(ProjectConfigurationPlatforms) = postSolution
		{D05C9855-FCB0-4F17-8A14-F927D34F9DC5}.Debug|Any CPU.ActiveCfg = Debug|Any CPU
		{D05C9855-FCB0-4F17-8A14-F927D34F9DC5}.Debug|Any CPU.Build.0 = Debug|Any CPU
		{D05C9855-FCB0-4F17-8A14-F927D34F9DC5}.Release|Any CPU.ActiveCfg = Release|Any CPU
		{D05C9855-FCB0-4F17-8A14-F927D34F9DC5}.Release|Any CPU.Build.0 = Release|Any CPU
	EndGlobalSection
	GlobalSection(SolutionProperties) = preSolution
		HideSolutionNode = FALSE
	EndGlobalSection
	GlobalSection(ExtensibilityGlobals) = postSolution
		SolutionGuid = {6F73A333-5F88-4C85-89D2-72260EE9BA8E}
	EndGlobalSection
EndGlobal
